
Microsoft Visual Studio Solution File, Format Version 12.00
# Visual Studio Version 17
VisualStudioVersion = 17.13.35931.197
MinimumVisualStudioVersion = 10.0.40219.1
Project("{FAE04EC0-301F-11D3-BF4B-00C04F79EFBC}") = "cpqi", "cpqi.csproj", "{6AEC63C7-8262-44BE-8F32-41DF9CA980C6}"
EndProject
Project("{54435603-DBB4-11D2-8724-00A0C9A8B90C}") = "ColégioQI", "..\ColégioQI\ColégioQI.vdproj", "{62CF5EB6-32AF-CE4B-4A4B-DC16CDCE6891}"
EndProject
Global
	GlobalSection(SolutionConfigurationPlatforms) = preSolution
		Debug|Any CPU = Debug|Any CPU
		Release|Any CPU = Release|Any CPU
	EndGlobalSection
	GlobalSection(ProjectConfigurationPlatforms) = postSolution
		{6AEC63C7-8262-44BE-8F32-41DF9CA980C6}.Debug|Any CPU.ActiveCfg = Debug|Any CPU
		{6AEC63C7-8262-44BE-8F32-41DF9CA980C6}.Debug|Any CPU.Build.0 = Debug|Any CPU
		{6AEC63C7-8262-44BE-8F32-41DF9CA980C6}.Release|Any CPU.ActiveCfg = Release|Any CPU
		{6AEC63C7-8262-44BE-8F32-41DF9CA980C6}.Release|Any CPU.Build.0 = Release|Any CPU
		{62CF5EB6-32AF-CE4B-4A4B-DC16CDCE6891}.Debug|Any CPU.ActiveCfg = Debug
		{62CF5EB6-32AF-CE4B-4A4B-DC16CDCE6891}.Release|Any CPU.ActiveCfg = Release
	EndGlobalSection
	GlobalSection(SolutionProperties) = preSolution
		HideSolutionNode = FALSE
	EndGlobalSection
	GlobalSection(ExtensibilityGlobals) = postSolution
		SolutionGuid = {DE5F4066-16B1-46ED-B108-AF2B4086F081}
	EndGlobalSection
EndGlobal
